// !$*UTF8*$!
{
	archiveVersion = 1;
	classes = {
	};
	objectVersion = 46;
	objects = {

/* Begin PBXBuildFile section */
		52A506F31DE2F6F900278ABE /* RandomKit.framework in Frameworks */ = {isa = PBXBuildFile; fileRef = 52A506D01DE2F6AD00278ABE /* RandomKit.framework */; };
		52A506F41DE2F6FE00278ABE /* RandomKit.framework in Frameworks */ = {isa = PBXBuildFile; fileRef = 52A506D21DE2F6AD00278ABE /* RandomKit.framework */; };
		52A507291DE2F74700278ABE /* BigInt.framework in Frameworks */ = {isa = PBXBuildFile; fileRef = 52A507041DE2F72F00278ABE /* BigInt.framework */; };
		52A5072B1DE2F75100278ABE /* BigInt.framework in Frameworks */ = {isa = PBXBuildFile; fileRef = 52A507021DE2F72F00278ABE /* BigInt.framework */; };
		52A5072D1DE2F76200278ABE /* RandomKit.framework in Frameworks */ = {isa = PBXBuildFile; fileRef = 52A506D41DE2F6AD00278ABE /* RandomKit.framework */; };
		52A5072E1DE2F76700278ABE /* BigInt.framework in Frameworks */ = {isa = PBXBuildFile; fileRef = 52A507061DE2F72F00278ABE /* BigInt.framework */; };
		52A507301DE2F77100278ABE /* RandomKit.framework in Frameworks */ = {isa = PBXBuildFile; fileRef = 52A506D61DE2F6AD00278ABE /* RandomKit.framework */; };
		52A507311DE2F77400278ABE /* BigInt.framework in Frameworks */ = {isa = PBXBuildFile; fileRef = 52A507081DE2F72F00278ABE /* BigInt.framework */; };
		52A507411DE2FCAD00278ABE /* BigUInt+RandomKit.swift in Sources */ = {isa = PBXBuildFile; fileRef = 52A507401DE2FCAD00278ABE /* BigUInt+RandomKit.swift */; };
		52A507421DE2FCAD00278ABE /* BigUInt+RandomKit.swift in Sources */ = {isa = PBXBuildFile; fileRef = 52A507401DE2FCAD00278ABE /* BigUInt+RandomKit.swift */; };
		52A507431DE2FCAD00278ABE /* BigUInt+RandomKit.swift in Sources */ = {isa = PBXBuildFile; fileRef = 52A507401DE2FCAD00278ABE /* BigUInt+RandomKit.swift */; };
		52A507441DE2FCAD00278ABE /* BigUInt+RandomKit.swift in Sources */ = {isa = PBXBuildFile; fileRef = 52A507401DE2FCAD00278ABE /* BigUInt+RandomKit.swift */; };
/* End PBXBuildFile section */

/* Begin PBXContainerItemProxy section */
		52A506CF1DE2F6AD00278ABE /* PBXContainerItemProxy */ = {
			isa = PBXContainerItemProxy;
			containerPortal = 52A506C71DE2F6AD00278ABE /* RandomKit.xcodeproj */;
			proxyType = 2;
			remoteGlobalIDString = 528200911BC9C4A2001FDD58;
			remoteInfo = "RandomKit macOS";
		};
		52A506D11DE2F6AD00278ABE /* PBXContainerItemProxy */ = {
			isa = PBXContainerItemProxy;
			containerPortal = 52A506C71DE2F6AD00278ABE /* RandomKit.xcodeproj */;
			proxyType = 2;
			remoteGlobalIDString = 5282009F1BC9C4B6001FDD58;
			remoteInfo = "RandomKit iOS";
		};
		52A506D31DE2F6AD00278ABE /* PBXContainerItemProxy */ = {
			isa = PBXContainerItemProxy;
			containerPortal = 52A506C71DE2F6AD00278ABE /* RandomKit.xcodeproj */;
			proxyType = 2;
			remoteGlobalIDString = 528200AC1BC9C4C0001FDD58;
			remoteInfo = "RandomKit watchOS";
		};
		52A506D51DE2F6AD00278ABE /* PBXContainerItemProxy */ = {
			isa = PBXContainerItemProxy;
			containerPortal = 52A506C71DE2F6AD00278ABE /* RandomKit.xcodeproj */;
			proxyType = 2;
			remoteGlobalIDString = 52C96A1F1BD9828F00C3CBE0;
			remoteInfo = "RandomKit tvOS";
		};
		52A506D71DE2F6AD00278ABE /* PBXContainerItemProxy */ = {
			isa = PBXContainerItemProxy;
			containerPortal = 52A506C71DE2F6AD00278ABE /* RandomKit.xcodeproj */;
			proxyType = 2;
			remoteGlobalIDString = 528200F11BC9FA42001FDD58;
			remoteInfo = "RandomKit Tests";
		};
		52A507011DE2F72F00278ABE /* PBXContainerItemProxy */ = {
			isa = PBXContainerItemProxy;
			containerPortal = 52A506F61DE2F72F00278ABE /* BigInt.xcodeproj */;
			proxyType = 2;
			remoteGlobalIDString = BBB55AB21C8F80020050DDA9;
			remoteInfo = "BigInt-iOS";
		};
		52A507031DE2F72F00278ABE /* PBXContainerItemProxy */ = {
			isa = PBXContainerItemProxy;
			containerPortal = 52A506F61DE2F72F00278ABE /* BigInt.xcodeproj */;
			proxyType = 2;
			remoteGlobalIDString = BBB55AD41C8F88F20050DDA9;
			remoteInfo = "BigInt-macOS";
		};
		52A507051DE2F72F00278ABE /* PBXContainerItemProxy */ = {
			isa = PBXContainerItemProxy;
			containerPortal = 52A506F61DE2F72F00278ABE /* BigInt.xcodeproj */;
			proxyType = 2;
			remoteGlobalIDString = BBB55AF11C8F8BE00050DDA9;
			remoteInfo = "BigInt-watchOS";
		};
		52A507071DE2F72F00278ABE /* PBXContainerItemProxy */ = {
			isa = PBXContainerItemProxy;
			containerPortal = 52A506F61DE2F72F00278ABE /* BigInt.xcodeproj */;
			proxyType = 2;
			remoteGlobalIDString = BBB55AFE1C8F8CBB0050DDA9;
			remoteInfo = "BigInt-tvOS";
		};
		52A507091DE2F72F00278ABE /* PBXContainerItemProxy */ = {
			isa = PBXContainerItemProxy;
			containerPortal = 52A506F61DE2F72F00278ABE /* BigInt.xcodeproj */;
			proxyType = 2;
			remoteGlobalIDString = BBB55ABC1C8F80020050DDA9;
			remoteInfo = "BigInt iOS Tests";
		};
		52A5070B1DE2F72F00278ABE /* PBXContainerItemProxy */ = {
			isa = PBXContainerItemProxy;
			containerPortal = 52A506F61DE2F72F00278ABE /* BigInt.xcodeproj */;
			proxyType = 2;
			remoteGlobalIDString = BBB55ADD1C8F88F20050DDA9;
			remoteInfo = "BigInt macOS Tests";
		};
		52A5070D1DE2F72F00278ABE /* PBXContainerItemProxy */ = {
			isa = PBXContainerItemProxy;
			containerPortal = 52A506F61DE2F72F00278ABE /* BigInt.xcodeproj */;
			proxyType = 2;
			remoteGlobalIDString = BBB55B071C8F8CBB0050DDA9;
			remoteInfo = "BigInt tvOS Tests";
		};
		52A5070F1DE2F72F00278ABE /* PBXContainerItemProxy */ = {
			isa = PBXContainerItemProxy;
			containerPortal = 52A506F61DE2F72F00278ABE /* BigInt.xcodeproj */;
			proxyType = 2;
			remoteGlobalIDString = BB241C6A1DDB70B00067F917;
			remoteInfo = "BigInt Benchmark";
		};
/* End PBXContainerItemProxy section */

/* Begin PBXFileReference section */
		52A506781DE2EFD300278ABE /* RandomKitBigInt.framework */ = {isa = PBXFileReference; explicitFileType = wrapper.framework; includeInIndex = 0; path = RandomKitBigInt.framework; sourceTree = BUILT_PRODUCTS_DIR; };
		52A506851DE2EFE200278ABE /* RandomKitBigInt.framework */ = {isa = PBXFileReference; explicitFileType = wrapper.framework; includeInIndex = 0; path = RandomKitBigInt.framework; sourceTree = BUILT_PRODUCTS_DIR; };
		52A506921DE2EFEA00278ABE /* RandomKitBigInt.framework */ = {isa = PBXFileReference; explicitFileType = wrapper.framework; includeInIndex = 0; path = RandomKitBigInt.framework; sourceTree = BUILT_PRODUCTS_DIR; };
		52A5069F1DE2EFF200278ABE /* RandomKitBigInt.framework */ = {isa = PBXFileReference; explicitFileType = wrapper.framework; includeInIndex = 0; path = RandomKitBigInt.framework; sourceTree = BUILT_PRODUCTS_DIR; };
		52A506A81DE2F01F00278ABE /* Info.plist */ = {isa = PBXFileReference; lastKnownFileType = text.plist.xml; name = Info.plist; path = RandomKitBigInt.xcodeproj/Info.plist; sourceTree = "<group>"; };
		52A506AA1DE2F16900278ABE /* LICENSE.md */ = {isa = PBXFileReference; lastKnownFileType = net.daringfireball.markdown; path = LICENSE.md; sourceTree = "<group>"; };
		52A506C71DE2F6AD00278ABE /* RandomKit.xcodeproj */ = {isa = PBXFileReference; lastKnownFileType = "wrapper.pb-project"; name = RandomKit.xcodeproj; path = Carthage/Checkouts/RandomKit/RandomKit.xcodeproj; sourceTree = "<group>"; };
		52A506F61DE2F72F00278ABE /* BigInt.xcodeproj */ = {isa = PBXFileReference; lastKnownFileType = "wrapper.pb-project"; name = BigInt.xcodeproj; path = Carthage/Checkouts/BigInt/BigInt.xcodeproj; sourceTree = "<group>"; };
		52A507341DE2F7FC00278ABE /* Cartfile */ = {isa = PBXFileReference; lastKnownFileType = text; path = Cartfile; sourceTree = "<group>"; };
		52A5073A1DE2FBC900278ABE /* RandomKitBigInt.playground */ = {isa = PBXFileReference; lastKnownFileType = file.playground; path = RandomKitBigInt.playground; sourceTree = "<group>"; };
		52A507401DE2FCAD00278ABE /* BigUInt+RandomKit.swift */ = {isa = PBXFileReference; fileEncoding = 4; lastKnownFileType = sourcecode.swift; path = "BigUInt+RandomKit.swift"; sourceTree = "<group>"; };
/* End PBXFileReference section */

/* Begin PBXFrameworksBuildPhase section */
		52A506741DE2EFD300278ABE /* Frameworks */ = {
			isa = PBXFrameworksBuildPhase;
			buildActionMask = 2147483647;
			files = (
				52A507291DE2F74700278ABE /* BigInt.framework in Frameworks */,
				52A506F31DE2F6F900278ABE /* RandomKit.framework in Frameworks */,
			);
			runOnlyForDeploymentPostprocessing = 0;
		};
		52A506811DE2EFE200278ABE /* Frameworks */ = {
			isa = PBXFrameworksBuildPhase;
			buildActionMask = 2147483647;
			files = (
				52A5072B1DE2F75100278ABE /* BigInt.framework in Frameworks */,
				52A506F41DE2F6FE00278ABE /* RandomKit.framework in Frameworks */,
			);
			runOnlyForDeploymentPostprocessing = 0;
		};
		52A5068E1DE2EFEA00278ABE /* Frameworks */ = {
			isa = PBXFrameworksBuildPhase;
			buildActionMask = 2147483647;
			files = (
				52A5072E1DE2F76700278ABE /* BigInt.framework in Frameworks */,
				52A5072D1DE2F76200278ABE /* RandomKit.framework in Frameworks */,
			);
			runOnlyForDeploymentPostprocessing = 0;
		};
		52A5069B1DE2EFF200278ABE /* Frameworks */ = {
			isa = PBXFrameworksBuildPhase;
			buildActionMask = 2147483647;
			files = (
				52A507311DE2F77400278ABE /* BigInt.framework in Frameworks */,
				52A507301DE2F77100278ABE /* RandomKit.framework in Frameworks */,
			);
			runOnlyForDeploymentPostprocessing = 0;
		};
/* End PBXFrameworksBuildPhase section */

/* Begin PBXGroup section */
		52A5065E1DE2EF5600278ABE = {
			isa = PBXGroup;
			children = (
				52A506A91DE2F02C00278ABE /* Sources */,
				52A506A71DE2F01400278ABE /* Support */,
				52A506AB1DE2F69A00278ABE /* Dependencies */,
				52A5066B1DE2EFB800278ABE /* Products */,
				52A5073A1DE2FBC900278ABE /* RandomKitBigInt.playground */,
				52A506AA1DE2F16900278ABE /* LICENSE.md */,
				52A507341DE2F7FC00278ABE /* Cartfile */,
			);
			sourceTree = "<group>";
		};
		52A5066B1DE2EFB800278ABE /* Products */ = {
			isa = PBXGroup;
			children = (
				52A506781DE2EFD300278ABE /* RandomKitBigInt.framework */,
				52A506851DE2EFE200278ABE /* RandomKitBigInt.framework */,
				52A506921DE2EFEA00278ABE /* RandomKitBigInt.framework */,
				52A5069F1DE2EFF200278ABE /* RandomKitBigInt.framework */,
			);
			name = Products;
			sourceTree = "<group>";
		};
		52A506A71DE2F01400278ABE /* Support */ = {
			isa = PBXGroup;
			children = (
				52A506A81DE2F01F00278ABE /* Info.plist */,
			);
			name = Support;
			sourceTree = "<group>";
		};
		52A506A91DE2F02C00278ABE /* Sources */ = {
			isa = PBXGroup;
			children = (
				52A507401DE2FCAD00278ABE /* BigUInt+RandomKit.swift */,
			);
			path = Sources;
			sourceTree = "<group>";
		};
		52A506AB1DE2F69A00278ABE /* Dependencies */ = {
			isa = PBXGroup;
			children = (
				52A506C71DE2F6AD00278ABE /* RandomKit.xcodeproj */,
				52A506F61DE2F72F00278ABE /* BigInt.xcodeproj */,
			);
			name = Dependencies;
			sourceTree = "<group>";
		};
		52A506C81DE2F6AD00278ABE /* Products */ = {
			isa = PBXGroup;
			children = (
				52A506D01DE2F6AD00278ABE /* RandomKit.framework */,
				52A506D21DE2F6AD00278ABE /* RandomKit.framework */,
				52A506D41DE2F6AD00278ABE /* RandomKit.framework */,
				52A506D61DE2F6AD00278ABE /* RandomKit.framework */,
				52A506D81DE2F6AD00278ABE /* RandomKit Tests.xctest */,
			);
			name = Products;
			sourceTree = "<group>";
		};
		52A506F71DE2F72F00278ABE /* Products */ = {
			isa = PBXGroup;
			children = (
				52A507021DE2F72F00278ABE /* BigInt.framework */,
				52A507041DE2F72F00278ABE /* BigInt.framework */,
				52A507061DE2F72F00278ABE /* BigInt.framework */,
				52A507081DE2F72F00278ABE /* BigInt.framework */,
				52A5070A1DE2F72F00278ABE /* BigInt-Test.xctest */,
				52A5070C1DE2F72F00278ABE /* BigInt-Test.xctest */,
				52A5070E1DE2F72F00278ABE /* BigInt-Test.xctest */,
				52A507101DE2F72F00278ABE /* BigInt Benchmark.xctest */,
			);
			name = Products;
			sourceTree = "<group>";
		};
/* End PBXGroup section */

/* Begin PBXHeadersBuildPhase section */
		52A506751DE2EFD300278ABE /* Headers */ = {
			isa = PBXHeadersBuildPhase;
			buildActionMask = 2147483647;
			files = (
			);
			runOnlyForDeploymentPostprocessing = 0;
		};
		52A506821DE2EFE200278ABE /* Headers */ = {
			isa = PBXHeadersBuildPhase;
			buildActionMask = 2147483647;
			files = (
			);
			runOnlyForDeploymentPostprocessing = 0;
		};
		52A5068F1DE2EFEA00278ABE /* Headers */ = {
			isa = PBXHeadersBuildPhase;
			buildActionMask = 2147483647;
			files = (
			);
			runOnlyForDeploymentPostprocessing = 0;
		};
		52A5069C1DE2EFF200278ABE /* Headers */ = {
			isa = PBXHeadersBuildPhase;
			buildActionMask = 2147483647;
			files = (
			);
			runOnlyForDeploymentPostprocessing = 0;
		};
/* End PBXHeadersBuildPhase section */

/* Begin PBXNativeTarget section */
		52A506771DE2EFD300278ABE /* RandomKitBigInt macOS */ = {
			isa = PBXNativeTarget;
			buildConfigurationList = 52A5067D1DE2EFD300278ABE /* Build configuration list for PBXNativeTarget "RandomKitBigInt macOS" */;
			buildPhases = (
				52A506731DE2EFD300278ABE /* Sources */,
				52A506741DE2EFD300278ABE /* Frameworks */,
				52A506751DE2EFD300278ABE /* Headers */,
				52A506761DE2EFD300278ABE /* Resources */,
			);
			buildRules = (
			);
			dependencies = (
			);
			name = "RandomKitBigInt macOS";
			productName = "RandomKitBigInt macOS";
			productReference = 52A506781DE2EFD300278ABE /* RandomKitBigInt.framework */;
			productType = "com.apple.product-type.framework";
		};
		52A506841DE2EFE200278ABE /* RandomKitBigInt iOS */ = {
			isa = PBXNativeTarget;
			buildConfigurationList = 52A5068A1DE2EFE200278ABE /* Build configuration list for PBXNativeTarget "RandomKitBigInt iOS" */;
			buildPhases = (
				52A506801DE2EFE200278ABE /* Sources */,
				52A506811DE2EFE200278ABE /* Frameworks */,
				52A506821DE2EFE200278ABE /* Headers */,
				52A506831DE2EFE200278ABE /* Resources */,
			);
			buildRules = (
			);
			dependencies = (
			);
			name = "RandomKitBigInt iOS";
			productName = "RandomKitBigInt iOS";
			productReference = 52A506851DE2EFE200278ABE /* RandomKitBigInt.framework */;
			productType = "com.apple.product-type.framework";
		};
		52A506911DE2EFEA00278ABE /* RandomKitBigInt watchOS */ = {
			isa = PBXNativeTarget;
			buildConfigurationList = 52A506971DE2EFEA00278ABE /* Build configuration list for PBXNativeTarget "RandomKitBigInt watchOS" */;
			buildPhases = (
				52A5068D1DE2EFEA00278ABE /* Sources */,
				52A5068E1DE2EFEA00278ABE /* Frameworks */,
				52A5068F1DE2EFEA00278ABE /* Headers */,
				52A506901DE2EFEA00278ABE /* Resources */,
			);
			buildRules = (
			);
			dependencies = (
			);
			name = "RandomKitBigInt watchOS";
			productName = "RandomKitBigInt watchOS";
			productReference = 52A506921DE2EFEA00278ABE /* RandomKitBigInt.framework */;
			productType = "com.apple.product-type.framework";
		};
		52A5069E1DE2EFF200278ABE /* RandomKitBigInt tvOS */ = {
			isa = PBXNativeTarget;
			buildConfigurationList = 52A506A41DE2EFF200278ABE /* Build configuration list for PBXNativeTarget "RandomKitBigInt tvOS" */;
			buildPhases = (
				52A5069A1DE2EFF200278ABE /* Sources */,
				52A5069B1DE2EFF200278ABE /* Frameworks */,
				52A5069C1DE2EFF200278ABE /* Headers */,
				52A5069D1DE2EFF200278ABE /* Resources */,
			);
			buildRules = (
			);
			dependencies = (
			);
			name = "RandomKitBigInt tvOS";
			productName = "RandomKitBigInt tvOS";
			productReference = 52A5069F1DE2EFF200278ABE /* RandomKitBigInt.framework */;
			productType = "com.apple.product-type.framework";
		};
/* End PBXNativeTarget section */

/* Begin PBXProject section */
		52A5065F1DE2EF5600278ABE /* Project object */ = {
			isa = PBXProject;
			attributes = {
				LastUpgradeCheck = 0810;
				ORGANIZATIONNAME = "Nikolai Vazquez";
				TargetAttributes = {
					52A506771DE2EFD300278ABE = {
						CreatedOnToolsVersion = 8.1;
						LastSwiftMigration = 0810;
						ProvisioningStyle = Automatic;
					};
					52A506841DE2EFE200278ABE = {
						CreatedOnToolsVersion = 8.1;
						LastSwiftMigration = 0810;
						ProvisioningStyle = Automatic;
					};
					52A506911DE2EFEA00278ABE = {
						CreatedOnToolsVersion = 8.1;
						LastSwiftMigration = 0810;
						ProvisioningStyle = Automatic;
					};
					52A5069E1DE2EFF200278ABE = {
						CreatedOnToolsVersion = 8.1;
						LastSwiftMigration = 0810;
						ProvisioningStyle = Automatic;
					};
				};
			};
			buildConfigurationList = 52A506621DE2EF5600278ABE /* Build configuration list for PBXProject "RandomKitBigInt" */;
			compatibilityVersion = "Xcode 3.2";
			developmentRegion = English;
			hasScannedForEncodings = 0;
			knownRegions = (
				en,
			);
			mainGroup = 52A5065E1DE2EF5600278ABE;
			productRefGroup = 52A5066B1DE2EFB800278ABE /* Products */;
			projectDirPath = "";
			projectReferences = (
				{
					ProductGroup = 52A506F71DE2F72F00278ABE /* Products */;
					ProjectRef = 52A506F61DE2F72F00278ABE /* BigInt.xcodeproj */;
				},
				{
					ProductGroup = 52A506C81DE2F6AD00278ABE /* Products */;
					ProjectRef = 52A506C71DE2F6AD00278ABE /* RandomKit.xcodeproj */;
				},
			);
			projectRoot = "";
			targets = (
				52A506771DE2EFD300278ABE /* RandomKitBigInt macOS */,
				52A506841DE2EFE200278ABE /* RandomKitBigInt iOS */,
				52A506911DE2EFEA00278ABE /* RandomKitBigInt watchOS */,
				52A5069E1DE2EFF200278ABE /* RandomKitBigInt tvOS */,
			);
		};
/* End PBXProject section */

/* Begin PBXReferenceProxy section */
		52A506D01DE2F6AD00278ABE /* RandomKit.framework */ = {
			isa = PBXReferenceProxy;
			fileType = wrapper.framework;
			path = RandomKit.framework;
			remoteRef = 52A506CF1DE2F6AD00278ABE /* PBXContainerItemProxy */;
			sourceTree = BUILT_PRODUCTS_DIR;
		};
		52A506D21DE2F6AD00278ABE /* RandomKit.framework */ = {
			isa = PBXReferenceProxy;
			fileType = wrapper.framework;
			path = RandomKit.framework;
			remoteRef = 52A506D11DE2F6AD00278ABE /* PBXContainerItemProxy */;
			sourceTree = BUILT_PRODUCTS_DIR;
		};
		52A506D41DE2F6AD00278ABE /* RandomKit.framework */ = {
			isa = PBXReferenceProxy;
			fileType = wrapper.framework;
			path = RandomKit.framework;
			remoteRef = 52A506D31DE2F6AD00278ABE /* PBXContainerItemProxy */;
			sourceTree = BUILT_PRODUCTS_DIR;
		};
		52A506D61DE2F6AD00278ABE /* RandomKit.framework */ = {
			isa = PBXReferenceProxy;
			fileType = wrapper.framework;
			path = RandomKit.framework;
			remoteRef = 52A506D51DE2F6AD00278ABE /* PBXContainerItemProxy */;
			sourceTree = BUILT_PRODUCTS_DIR;
		};
		52A506D81DE2F6AD00278ABE /* RandomKit Tests.xctest */ = {
			isa = PBXReferenceProxy;
			fileType = wrapper.cfbundle;
			path = "RandomKit Tests.xctest";
			remoteRef = 52A506D71DE2F6AD00278ABE /* PBXContainerItemProxy */;
			sourceTree = BUILT_PRODUCTS_DIR;
		};
		52A507021DE2F72F00278ABE /* BigInt.framework */ = {
			isa = PBXReferenceProxy;
			fileType = wrapper.framework;
			path = BigInt.framework;
			remoteRef = 52A507011DE2F72F00278ABE /* PBXContainerItemProxy */;
			sourceTree = BUILT_PRODUCTS_DIR;
		};
		52A507041DE2F72F00278ABE /* BigInt.framework */ = {
			isa = PBXReferenceProxy;
			fileType = wrapper.framework;
			path = BigInt.framework;
			remoteRef = 52A507031DE2F72F00278ABE /* PBXContainerItemProxy */;
			sourceTree = BUILT_PRODUCTS_DIR;
		};
		52A507061DE2F72F00278ABE /* BigInt.framework */ = {
			isa = PBXReferenceProxy;
			fileType = wrapper.framework;
			path = BigInt.framework;
			remoteRef = 52A507051DE2F72F00278ABE /* PBXContainerItemProxy */;
			sourceTree = BUILT_PRODUCTS_DIR;
		};
		52A507081DE2F72F00278ABE /* BigInt.framework */ = {
			isa = PBXReferenceProxy;
			fileType = wrapper.framework;
			path = BigInt.framework;
			remoteRef = 52A507071DE2F72F00278ABE /* PBXContainerItemProxy */;
			sourceTree = BUILT_PRODUCTS_DIR;
		};
		52A5070A1DE2F72F00278ABE /* BigInt-Test.xctest */ = {
			isa = PBXReferenceProxy;
			fileType = wrapper.cfbundle;
			path = "BigInt-Test.xctest";
			remoteRef = 52A507091DE2F72F00278ABE /* PBXContainerItemProxy */;
			sourceTree = BUILT_PRODUCTS_DIR;
		};
		52A5070C1DE2F72F00278ABE /* BigInt-Test.xctest */ = {
			isa = PBXReferenceProxy;
			fileType = wrapper.cfbundle;
			path = "BigInt-Test.xctest";
			remoteRef = 52A5070B1DE2F72F00278ABE /* PBXContainerItemProxy */;
			sourceTree = BUILT_PRODUCTS_DIR;
		};
		52A5070E1DE2F72F00278ABE /* BigInt-Test.xctest */ = {
			isa = PBXReferenceProxy;
			fileType = wrapper.cfbundle;
			path = "BigInt-Test.xctest";
			remoteRef = 52A5070D1DE2F72F00278ABE /* PBXContainerItemProxy */;
			sourceTree = BUILT_PRODUCTS_DIR;
		};
		52A507101DE2F72F00278ABE /* BigInt Benchmark.xctest */ = {
			isa = PBXReferenceProxy;
			fileType = wrapper.cfbundle;
			path = "BigInt Benchmark.xctest";
			remoteRef = 52A5070F1DE2F72F00278ABE /* PBXContainerItemProxy */;
			sourceTree = BUILT_PRODUCTS_DIR;
		};
/* End PBXReferenceProxy section */

/* Begin PBXResourcesBuildPhase section */
		52A506761DE2EFD300278ABE /* Resources */ = {
			isa = PBXResourcesBuildPhase;
			buildActionMask = 2147483647;
			files = (
			);
			runOnlyForDeploymentPostprocessing = 0;
		};
		52A506831DE2EFE200278ABE /* Resources */ = {
			isa = PBXResourcesBuildPhase;
			buildActionMask = 2147483647;
			files = (
			);
			runOnlyForDeploymentPostprocessing = 0;
		};
		52A506901DE2EFEA00278ABE /* Resources */ = {
			isa = PBXResourcesBuildPhase;
			buildActionMask = 2147483647;
			files = (
			);
			runOnlyForDeploymentPostprocessing = 0;
		};
		52A5069D1DE2EFF200278ABE /* Resources */ = {
			isa = PBXResourcesBuildPhase;
			buildActionMask = 2147483647;
			files = (
			);
			runOnlyForDeploymentPostprocessing = 0;
		};
/* End PBXResourcesBuildPhase section */

/* Begin PBXSourcesBuildPhase section */
		52A506731DE2EFD300278ABE /* Sources */ = {
			isa = PBXSourcesBuildPhase;
			buildActionMask = 2147483647;
			files = (
				52A507411DE2FCAD00278ABE /* BigUInt+RandomKit.swift in Sources */,
			);
			runOnlyForDeploymentPostprocessing = 0;
		};
		52A506801DE2EFE200278ABE /* Sources */ = {
			isa = PBXSourcesBuildPhase;
			buildActionMask = 2147483647;
			files = (
				52A507421DE2FCAD00278ABE /* BigUInt+RandomKit.swift in Sources */,
			);
			runOnlyForDeploymentPostprocessing = 0;
		};
		52A5068D1DE2EFEA00278ABE /* Sources */ = {
			isa = PBXSourcesBuildPhase;
			buildActionMask = 2147483647;
			files = (
				52A507431DE2FCAD00278ABE /* BigUInt+RandomKit.swift in Sources */,
			);
			runOnlyForDeploymentPostprocessing = 0;
		};
		52A5069A1DE2EFF200278ABE /* Sources */ = {
			isa = PBXSourcesBuildPhase;
			buildActionMask = 2147483647;
			files = (
				52A507441DE2FCAD00278ABE /* BigUInt+RandomKit.swift in Sources */,
			);
			runOnlyForDeploymentPostprocessing = 0;
		};
/* End PBXSourcesBuildPhase section */

/* Begin XCBuildConfiguration section */
		52A506631DE2EF5600278ABE /* Debug */ = {
			isa = XCBuildConfiguration;
			buildSettings = {
				IPHONEOS_DEPLOYMENT_TARGET = 8.0;
				MACOSX_DEPLOYMENT_TARGET = 10.9;
				PROJECT_BUNDLE_IDENTIFIER = "com.nikolaivazquez.$(PROJECT_NAME)";
			};
			name = Debug;
		};
		52A506641DE2EF5600278ABE /* Release */ = {
			isa = XCBuildConfiguration;
			buildSettings = {
				IPHONEOS_DEPLOYMENT_TARGET = 8.0;
				MACOSX_DEPLOYMENT_TARGET = 10.9;
				PROJECT_BUNDLE_IDENTIFIER = "com.nikolaivazquez.$(PROJECT_NAME)";
			};
			name = Release;
		};
		52A5067E1DE2EFD300278ABE /* Debug */ = {
			isa = XCBuildConfiguration;
			buildSettings = {
				ALWAYS_SEARCH_USER_PATHS = NO;
				CLANG_ANALYZER_NONNULL = YES;
				CLANG_CXX_LANGUAGE_STANDARD = "gnu++0x";
				CLANG_CXX_LIBRARY = "libc++";
				CLANG_ENABLE_MODULES = YES;
				CLANG_ENABLE_OBJC_ARC = YES;
				CLANG_WARN_BOOL_CONVERSION = YES;
				CLANG_WARN_CONSTANT_CONVERSION = YES;
				CLANG_WARN_DIRECT_OBJC_ISA_USAGE = YES_ERROR;
				CLANG_WARN_DOCUMENTATION_COMMENTS = YES;
				CLANG_WARN_EMPTY_BODY = YES;
				CLANG_WARN_ENUM_CONVERSION = YES;
				CLANG_WARN_INFINITE_RECURSION = YES;
				CLANG_WARN_INT_CONVERSION = YES;
				CLANG_WARN_OBJC_ROOT_CLASS = YES_ERROR;
				CLANG_WARN_SUSPICIOUS_MOVES = YES;
				CLANG_WARN_UNREACHABLE_CODE = YES;
				CLANG_WARN__DUPLICATE_METHOD_MATCH = YES;
				CODE_SIGN_IDENTITY = "-";
				COMBINE_HIDPI_IMAGES = YES;
				COPY_PHASE_STRIP = NO;
				CURRENT_PROJECT_VERSION = 1;
				DEBUG_INFORMATION_FORMAT = dwarf;
				DEFINES_MODULE = YES;
				DYLIB_COMPATIBILITY_VERSION = 1;
				DYLIB_CURRENT_VERSION = 1;
				DYLIB_INSTALL_NAME_BASE = "@rpath";
				ENABLE_STRICT_OBJC_MSGSEND = YES;
				ENABLE_TESTABILITY = YES;
				FRAMEWORK_VERSION = A;
				GCC_C_LANGUAGE_STANDARD = gnu99;
				GCC_DYNAMIC_NO_PIC = NO;
				GCC_NO_COMMON_BLOCKS = YES;
				GCC_OPTIMIZATION_LEVEL = 0;
				GCC_PREPROCESSOR_DEFINITIONS = (
					"DEBUG=1",
					"$(inherited)",
				);
				GCC_WARN_64_TO_32_BIT_CONVERSION = YES;
				GCC_WARN_ABOUT_RETURN_TYPE = YES_ERROR;
				GCC_WARN_UNDECLARED_SELECTOR = YES;
				GCC_WARN_UNINITIALIZED_AUTOS = YES_AGGRESSIVE;
				GCC_WARN_UNUSED_FUNCTION = YES;
				GCC_WARN_UNUSED_VARIABLE = YES;
				INFOPLIST_FILE = "$(SRCROOT)/RandomKitBigInt.xcodeproj/Info.plist";
				INSTALL_PATH = "$(LOCAL_LIBRARY_DIR)/Frameworks";
				LD_RUNPATH_SEARCH_PATHS = "$(inherited) @executable_path/../Frameworks @loader_path/Frameworks";
				MACOSX_DEPLOYMENT_TARGET = 10.10;
				MTL_ENABLE_DEBUG_INFO = YES;
				ONLY_ACTIVE_ARCH = YES;
				PRODUCT_BUNDLE_IDENTIFIER = "$(PROJECT_BUNDLE_IDENTIFIER)";
				PRODUCT_NAME = "$(PROJECT_NAME)";
				SDKROOT = macosx;
				SKIP_INSTALL = YES;
				SWIFT_ACTIVE_COMPILATION_CONDITIONS = DEBUG;
				SWIFT_OPTIMIZATION_LEVEL = "-Onone";
				SWIFT_VERSION = 3.0;
				VERSIONING_SYSTEM = "apple-generic";
				VERSION_INFO_PREFIX = "";
			};
			name = Debug;
		};
		52A5067F1DE2EFD300278ABE /* Release */ = {
			isa = XCBuildConfiguration;
			buildSettings = {
				ALWAYS_SEARCH_USER_PATHS = NO;
				CLANG_ANALYZER_NONNULL = YES;
				CLANG_CXX_LANGUAGE_STANDARD = "gnu++0x";
				CLANG_CXX_LIBRARY = "libc++";
				CLANG_ENABLE_MODULES = YES;
				CLANG_ENABLE_OBJC_ARC = YES;
				CLANG_WARN_BOOL_CONVERSION = YES;
				CLANG_WARN_CONSTANT_CONVERSION = YES;
				CLANG_WARN_DIRECT_OBJC_ISA_USAGE = YES_ERROR;
				CLANG_WARN_DOCUMENTATION_COMMENTS = YES;
				CLANG_WARN_EMPTY_BODY = YES;
				CLANG_WARN_ENUM_CONVERSION = YES;
				CLANG_WARN_INFINITE_RECURSION = YES;
				CLANG_WARN_INT_CONVERSION = YES;
				CLANG_WARN_OBJC_ROOT_CLASS = YES_ERROR;
				CLANG_WARN_SUSPICIOUS_MOVES = YES;
				CLANG_WARN_UNREACHABLE_CODE = YES;
				CLANG_WARN__DUPLICATE_METHOD_MATCH = YES;
				CODE_SIGN_IDENTITY = "-";
				COMBINE_HIDPI_IMAGES = YES;
				COPY_PHASE_STRIP = NO;
				CURRENT_PROJECT_VERSION = 1;
				DEBUG_INFORMATION_FORMAT = "dwarf-with-dsym";
				DEFINES_MODULE = YES;
				DYLIB_COMPATIBILITY_VERSION = 1;
				DYLIB_CURRENT_VERSION = 1;
				DYLIB_INSTALL_NAME_BASE = "@rpath";
				ENABLE_NS_ASSERTIONS = NO;
				ENABLE_STRICT_OBJC_MSGSEND = YES;
				FRAMEWORK_VERSION = A;
				GCC_C_LANGUAGE_STANDARD = gnu99;
				GCC_NO_COMMON_BLOCKS = YES;
				GCC_WARN_64_TO_32_BIT_CONVERSION = YES;
				GCC_WARN_ABOUT_RETURN_TYPE = YES_ERROR;
				GCC_WARN_UNDECLARED_SELECTOR = YES;
				GCC_WARN_UNINITIALIZED_AUTOS = YES_AGGRESSIVE;
				GCC_WARN_UNUSED_FUNCTION = YES;
				GCC_WARN_UNUSED_VARIABLE = YES;
				INFOPLIST_FILE = "$(SRCROOT)/RandomKitBigInt.xcodeproj/Info.plist";
				INSTALL_PATH = "$(LOCAL_LIBRARY_DIR)/Frameworks";
				LD_RUNPATH_SEARCH_PATHS = "$(inherited) @executable_path/../Frameworks @loader_path/Frameworks";
				MACOSX_DEPLOYMENT_TARGET = 10.10;
				MTL_ENABLE_DEBUG_INFO = NO;
				PRODUCT_BUNDLE_IDENTIFIER = "$(PROJECT_BUNDLE_IDENTIFIER)";
				PRODUCT_NAME = "$(PROJECT_NAME)";
				SDKROOT = macosx;
				SKIP_INSTALL = YES;
				SWIFT_OPTIMIZATION_LEVEL = "-Owholemodule";
				SWIFT_VERSION = 3.0;
				VERSIONING_SYSTEM = "apple-generic";
				VERSION_INFO_PREFIX = "";
			};
			name = Release;
		};
		52A5068B1DE2EFE200278ABE /* Debug */ = {
			isa = XCBuildConfiguration;
			buildSettings = {
				ALWAYS_SEARCH_USER_PATHS = NO;
				CLANG_ANALYZER_NONNULL = YES;
				CLANG_CXX_LANGUAGE_STANDARD = "gnu++0x";
				CLANG_CXX_LIBRARY = "libc++";
				CLANG_ENABLE_MODULES = YES;
				CLANG_ENABLE_OBJC_ARC = YES;
				CLANG_WARN_BOOL_CONVERSION = YES;
				CLANG_WARN_CONSTANT_CONVERSION = YES;
				CLANG_WARN_DIRECT_OBJC_ISA_USAGE = YES_ERROR;
				CLANG_WARN_DOCUMENTATION_COMMENTS = YES;
				CLANG_WARN_EMPTY_BODY = YES;
				CLANG_WARN_ENUM_CONVERSION = YES;
				CLANG_WARN_INFINITE_RECURSION = YES;
				CLANG_WARN_INT_CONVERSION = YES;
				CLANG_WARN_OBJC_ROOT_CLASS = YES_ERROR;
				CLANG_WARN_SUSPICIOUS_MOVES = YES;
				CLANG_WARN_UNREACHABLE_CODE = YES;
				CLANG_WARN__DUPLICATE_METHOD_MATCH = YES;
				CODE_SIGN_IDENTITY = "";
				"CODE_SIGN_IDENTITY[sdk=iphoneos*]" = "iPhone Developer";
				COPY_PHASE_STRIP = NO;
				CURRENT_PROJECT_VERSION = 1;
				DEBUG_INFORMATION_FORMAT = dwarf;
				DEFINES_MODULE = YES;
				DYLIB_COMPATIBILITY_VERSION = 1;
				DYLIB_CURRENT_VERSION = 1;
				DYLIB_INSTALL_NAME_BASE = "@rpath";
				ENABLE_STRICT_OBJC_MSGSEND = YES;
				ENABLE_TESTABILITY = YES;
				GCC_C_LANGUAGE_STANDARD = gnu99;
				GCC_DYNAMIC_NO_PIC = NO;
				GCC_NO_COMMON_BLOCKS = YES;
				GCC_OPTIMIZATION_LEVEL = 0;
				GCC_PREPROCESSOR_DEFINITIONS = (
					"DEBUG=1",
					"$(inherited)",
				);
				GCC_WARN_64_TO_32_BIT_CONVERSION = YES;
				GCC_WARN_ABOUT_RETURN_TYPE = YES_ERROR;
				GCC_WARN_UNDECLARED_SELECTOR = YES;
				GCC_WARN_UNINITIALIZED_AUTOS = YES_AGGRESSIVE;
				GCC_WARN_UNUSED_FUNCTION = YES;
				GCC_WARN_UNUSED_VARIABLE = YES;
				INFOPLIST_FILE = "$(SRCROOT)/RandomKitBigInt.xcodeproj/Info.plist";
				INSTALL_PATH = "$(LOCAL_LIBRARY_DIR)/Frameworks";
				IPHONEOS_DEPLOYMENT_TARGET = 9.0;
				LD_RUNPATH_SEARCH_PATHS = "$(inherited) @executable_path/Frameworks @loader_path/Frameworks";
				MTL_ENABLE_DEBUG_INFO = YES;
				ONLY_ACTIVE_ARCH = YES;
				PRODUCT_BUNDLE_IDENTIFIER = "$(PROJECT_BUNDLE_IDENTIFIER)";
				PRODUCT_NAME = "$(PROJECT_NAME)";
				SDKROOT = iphoneos;
				SKIP_INSTALL = YES;
				SWIFT_ACTIVE_COMPILATION_CONDITIONS = DEBUG;
				SWIFT_OPTIMIZATION_LEVEL = "-Onone";
				SWIFT_VERSION = 3.0;
				TARGETED_DEVICE_FAMILY = "1,2";
				VERSIONING_SYSTEM = "apple-generic";
				VERSION_INFO_PREFIX = "";
			};
			name = Debug;
		};
		52A5068C1DE2EFE200278ABE /* Release */ = {
			isa = XCBuildConfiguration;
			buildSettings = {
				ALWAYS_SEARCH_USER_PATHS = NO;
				CLANG_ANALYZER_NONNULL = YES;
				CLANG_CXX_LANGUAGE_STANDARD = "gnu++0x";
				CLANG_CXX_LIBRARY = "libc++";
				CLANG_ENABLE_MODULES = YES;
				CLANG_ENABLE_OBJC_ARC = YES;
				CLANG_WARN_BOOL_CONVERSION = YES;
				CLANG_WARN_CONSTANT_CONVERSION = YES;
				CLANG_WARN_DIRECT_OBJC_ISA_USAGE = YES_ERROR;
				CLANG_WARN_DOCUMENTATION_COMMENTS = YES;
				CLANG_WARN_EMPTY_BODY = YES;
				CLANG_WARN_ENUM_CONVERSION = YES;
				CLANG_WARN_INFINITE_RECURSION = YES;
				CLANG_WARN_INT_CONVERSION = YES;
				CLANG_WARN_OBJC_ROOT_CLASS = YES_ERROR;
				CLANG_WARN_SUSPICIOUS_MOVES = YES;
				CLANG_WARN_UNREACHABLE_CODE = YES;
				CLANG_WARN__DUPLICATE_METHOD_MATCH = YES;
				CODE_SIGN_IDENTITY = "";
				"CODE_SIGN_IDENTITY[sdk=iphoneos*]" = "iPhone Developer";
				COPY_PHASE_STRIP = NO;
				CURRENT_PROJECT_VERSION = 1;
				DEBUG_INFORMATION_FORMAT = "dwarf-with-dsym";
				DEFINES_MODULE = YES;
				DYLIB_COMPATIBILITY_VERSION = 1;
				DYLIB_CURRENT_VERSION = 1;
				DYLIB_INSTALL_NAME_BASE = "@rpath";
				ENABLE_NS_ASSERTIONS = NO;
				ENABLE_STRICT_OBJC_MSGSEND = YES;
				GCC_C_LANGUAGE_STANDARD = gnu99;
				GCC_NO_COMMON_BLOCKS = YES;
				GCC_WARN_64_TO_32_BIT_CONVERSION = YES;
				GCC_WARN_ABOUT_RETURN_TYPE = YES_ERROR;
				GCC_WARN_UNDECLARED_SELECTOR = YES;
				GCC_WARN_UNINITIALIZED_AUTOS = YES_AGGRESSIVE;
				GCC_WARN_UNUSED_FUNCTION = YES;
				GCC_WARN_UNUSED_VARIABLE = YES;
				INFOPLIST_FILE = "$(SRCROOT)/RandomKitBigInt.xcodeproj/Info.plist";
				INSTALL_PATH = "$(LOCAL_LIBRARY_DIR)/Frameworks";
				IPHONEOS_DEPLOYMENT_TARGET = 9.0;
				LD_RUNPATH_SEARCH_PATHS = "$(inherited) @executable_path/Frameworks @loader_path/Frameworks";
				MTL_ENABLE_DEBUG_INFO = NO;
				PRODUCT_BUNDLE_IDENTIFIER = "$(PROJECT_BUNDLE_IDENTIFIER)";
				PRODUCT_NAME = "$(PROJECT_NAME)";
				SDKROOT = iphoneos;
				SKIP_INSTALL = YES;
				SWIFT_OPTIMIZATION_LEVEL = "-Owholemodule";
				SWIFT_VERSION = 3.0;
				TARGETED_DEVICE_FAMILY = "1,2";
				VALIDATE_PRODUCT = YES;
				VERSIONING_SYSTEM = "apple-generic";
				VERSION_INFO_PREFIX = "";
			};
			name = Release;
		};
		52A506981DE2EFEA00278ABE /* Debug */ = {
			isa = XCBuildConfiguration;
			buildSettings = {
				ALWAYS_SEARCH_USER_PATHS = NO;
				APPLICATION_EXTENSION_API_ONLY = YES;
				CLANG_ANALYZER_NONNULL = YES;
				CLANG_CXX_LANGUAGE_STANDARD = "gnu++0x";
				CLANG_CXX_LIBRARY = "libc++";
				CLANG_ENABLE_MODULES = YES;
				CLANG_ENABLE_OBJC_ARC = YES;
				CLANG_WARN_BOOL_CONVERSION = YES;
				CLANG_WARN_CONSTANT_CONVERSION = YES;
				CLANG_WARN_DIRECT_OBJC_ISA_USAGE = YES_ERROR;
				CLANG_WARN_DOCUMENTATION_COMMENTS = YES;
				CLANG_WARN_EMPTY_BODY = YES;
				CLANG_WARN_ENUM_CONVERSION = YES;
				CLANG_WARN_INFINITE_RECURSION = YES;
				CLANG_WARN_INT_CONVERSION = YES;
				CLANG_WARN_OBJC_ROOT_CLASS = YES_ERROR;
				CLANG_WARN_SUSPICIOUS_MOVES = YES;
				CLANG_WARN_UNREACHABLE_CODE = YES;
				CLANG_WARN__DUPLICATE_METHOD_MATCH = YES;
				CODE_SIGN_IDENTITY = "";
				COPY_PHASE_STRIP = NO;
				CURRENT_PROJECT_VERSION = 1;
				DEBUG_INFORMATION_FORMAT = dwarf;
				DEFINES_MODULE = YES;
				DYLIB_COMPATIBILITY_VERSION = 1;
				DYLIB_CURRENT_VERSION = 1;
				DYLIB_INSTALL_NAME_BASE = "@rpath";
				ENABLE_STRICT_OBJC_MSGSEND = YES;
				ENABLE_TESTABILITY = YES;
				GCC_C_LANGUAGE_STANDARD = gnu99;
				GCC_DYNAMIC_NO_PIC = NO;
				GCC_NO_COMMON_BLOCKS = YES;
				GCC_OPTIMIZATION_LEVEL = 0;
				GCC_PREPROCESSOR_DEFINITIONS = (
					"DEBUG=1",
					"$(inherited)",
				);
				GCC_WARN_64_TO_32_BIT_CONVERSION = YES;
				GCC_WARN_ABOUT_RETURN_TYPE = YES_ERROR;
				GCC_WARN_UNDECLARED_SELECTOR = YES;
				GCC_WARN_UNINITIALIZED_AUTOS = YES_AGGRESSIVE;
				GCC_WARN_UNUSED_FUNCTION = YES;
				GCC_WARN_UNUSED_VARIABLE = YES;
				INFOPLIST_FILE = "$(SRCROOT)/RandomKitBigInt.xcodeproj/Info.plist";
				INSTALL_PATH = "$(LOCAL_LIBRARY_DIR)/Frameworks";
				LD_RUNPATH_SEARCH_PATHS = "$(inherited) @executable_path/Frameworks @loader_path/Frameworks";
				MTL_ENABLE_DEBUG_INFO = YES;
				ONLY_ACTIVE_ARCH = YES;
				PRODUCT_BUNDLE_IDENTIFIER = "$(PROJECT_BUNDLE_IDENTIFIER)";
				PRODUCT_NAME = "$(PROJECT_NAME)";
				SDKROOT = watchos;
				SKIP_INSTALL = YES;
				SWIFT_ACTIVE_COMPILATION_CONDITIONS = DEBUG;
				SWIFT_OPTIMIZATION_LEVEL = "-Onone";
				SWIFT_VERSION = 3.0;
				TARGETED_DEVICE_FAMILY = 4;
				VERSIONING_SYSTEM = "apple-generic";
				VERSION_INFO_PREFIX = "";
				WATCHOS_DEPLOYMENT_TARGET = 2.0;
			};
			name = Debug;
		};
		52A506991DE2EFEA00278ABE /* Release */ = {
			isa = XCBuildConfiguration;
			buildSettings = {
				ALWAYS_SEARCH_USER_PATHS = NO;
				APPLICATION_EXTENSION_API_ONLY = YES;
				CLANG_ANALYZER_NONNULL = YES;
				CLANG_CXX_LANGUAGE_STANDARD = "gnu++0x";
				CLANG_CXX_LIBRARY = "libc++";
				CLANG_ENABLE_MODULES = YES;
				CLANG_ENABLE_OBJC_ARC = YES;
				CLANG_WARN_BOOL_CONVERSION = YES;
				CLANG_WARN_CONSTANT_CONVERSION = YES;
				CLANG_WARN_DIRECT_OBJC_ISA_USAGE = YES_ERROR;
				CLANG_WARN_DOCUMENTATION_COMMENTS = YES;
				CLANG_WARN_EMPTY_BODY = YES;
				CLANG_WARN_ENUM_CONVERSION = YES;
				CLANG_WARN_INFINITE_RECURSION = YES;
				CLANG_WARN_INT_CONVERSION = YES;
				CLANG_WARN_OBJC_ROOT_CLASS = YES_ERROR;
				CLANG_WARN_SUSPICIOUS_MOVES = YES;
				CLANG_WARN_UNREACHABLE_CODE = YES;
				CLANG_WARN__DUPLICATE_METHOD_MATCH = YES;
				CODE_SIGN_IDENTITY = "";
				COPY_PHASE_STRIP = NO;
				CURRENT_PROJECT_VERSION = 1;
				DEBUG_INFORMATION_FORMAT = "dwarf-with-dsym";
				DEFINES_MODULE = YES;
				DYLIB_COMPATIBILITY_VERSION = 1;
				DYLIB_CURRENT_VERSION = 1;
				DYLIB_INSTALL_NAME_BASE = "@rpath";
				ENABLE_NS_ASSERTIONS = NO;
				ENABLE_STRICT_OBJC_MSGSEND = YES;
				GCC_C_LANGUAGE_STANDARD = gnu99;
				GCC_NO_COMMON_BLOCKS = YES;
				GCC_WARN_64_TO_32_BIT_CONVERSION = YES;
				GCC_WARN_ABOUT_RETURN_TYPE = YES_ERROR;
				GCC_WARN_UNDECLARED_SELECTOR = YES;
				GCC_WARN_UNINITIALIZED_AUTOS = YES_AGGRESSIVE;
				GCC_WARN_UNUSED_FUNCTION = YES;
				GCC_WARN_UNUSED_VARIABLE = YES;
				INFOPLIST_FILE = "$(SRCROOT)/RandomKitBigInt.xcodeproj/Info.plist";
				INSTALL_PATH = "$(LOCAL_LIBRARY_DIR)/Frameworks";
				LD_RUNPATH_SEARCH_PATHS = "$(inherited) @executable_path/Frameworks @loader_path/Frameworks";
				MTL_ENABLE_DEBUG_INFO = NO;
				PRODUCT_BUNDLE_IDENTIFIER = "$(PROJECT_BUNDLE_IDENTIFIER)";
				PRODUCT_NAME = "$(PROJECT_NAME)";
				SDKROOT = watchos;
				SKIP_INSTALL = YES;
				SWIFT_OPTIMIZATION_LEVEL = "-Owholemodule";
				SWIFT_VERSION = 3.0;
				TARGETED_DEVICE_FAMILY = 4;
				VALIDATE_PRODUCT = YES;
				VERSIONING_SYSTEM = "apple-generic";
				VERSION_INFO_PREFIX = "";
				WATCHOS_DEPLOYMENT_TARGET = 2.0;
			};
			name = Release;
		};
		52A506A51DE2EFF200278ABE /* Debug */ = {
			isa = XCBuildConfiguration;
			buildSettings = {
				ALWAYS_SEARCH_USER_PATHS = NO;
				CLANG_ANALYZER_NONNULL = YES;
				CLANG_CXX_LANGUAGE_STANDARD = "gnu++0x";
				CLANG_CXX_LIBRARY = "libc++";
				CLANG_ENABLE_MODULES = YES;
				CLANG_ENABLE_OBJC_ARC = YES;
				CLANG_WARN_BOOL_CONVERSION = YES;
				CLANG_WARN_CONSTANT_CONVERSION = YES;
				CLANG_WARN_DIRECT_OBJC_ISA_USAGE = YES_ERROR;
				CLANG_WARN_DOCUMENTATION_COMMENTS = YES;
				CLANG_WARN_EMPTY_BODY = YES;
				CLANG_WARN_ENUM_CONVERSION = YES;
				CLANG_WARN_INFINITE_RECURSION = YES;
				CLANG_WARN_INT_CONVERSION = YES;
				CLANG_WARN_OBJC_ROOT_CLASS = YES_ERROR;
				CLANG_WARN_SUSPICIOUS_MOVES = YES;
				CLANG_WARN_UNREACHABLE_CODE = YES;
				CLANG_WARN__DUPLICATE_METHOD_MATCH = YES;
				CODE_SIGN_IDENTITY = "";
				COPY_PHASE_STRIP = NO;
				CURRENT_PROJECT_VERSION = 1;
				DEBUG_INFORMATION_FORMAT = dwarf;
				DEFINES_MODULE = YES;
				DYLIB_COMPATIBILITY_VERSION = 1;
				DYLIB_CURRENT_VERSION = 1;
				DYLIB_INSTALL_NAME_BASE = "@rpath";
				ENABLE_STRICT_OBJC_MSGSEND = YES;
				ENABLE_TESTABILITY = YES;
				GCC_C_LANGUAGE_STANDARD = gnu99;
				GCC_DYNAMIC_NO_PIC = NO;
				GCC_NO_COMMON_BLOCKS = YES;
				GCC_OPTIMIZATION_LEVEL = 0;
				GCC_PREPROCESSOR_DEFINITIONS = (
					"DEBUG=1",
					"$(inherited)",
				);
				GCC_WARN_64_TO_32_BIT_CONVERSION = YES;
				GCC_WARN_ABOUT_RETURN_TYPE = YES_ERROR;
				GCC_WARN_UNDECLARED_SELECTOR = YES;
				GCC_WARN_UNINITIALIZED_AUTOS = YES_AGGRESSIVE;
				GCC_WARN_UNUSED_FUNCTION = YES;
				GCC_WARN_UNUSED_VARIABLE = YES;
				INFOPLIST_FILE = "$(SRCROOT)/RandomKitBigInt.xcodeproj/Info.plist";
				INSTALL_PATH = "$(LOCAL_LIBRARY_DIR)/Frameworks";
				LD_RUNPATH_SEARCH_PATHS = "$(inherited) @executable_path/Frameworks @loader_path/Frameworks";
				MTL_ENABLE_DEBUG_INFO = YES;
				ONLY_ACTIVE_ARCH = YES;
				PRODUCT_BUNDLE_IDENTIFIER = "$(PROJECT_BUNDLE_IDENTIFIER)";
				PRODUCT_NAME = "$(PROJECT_NAME)";
				SDKROOT = appletvos;
				SKIP_INSTALL = YES;
				SWIFT_ACTIVE_COMPILATION_CONDITIONS = DEBUG;
				SWIFT_OPTIMIZATION_LEVEL = "-Onone";
				SWIFT_VERSION = 3.0;
				TARGETED_DEVICE_FAMILY = 3;
				TVOS_DEPLOYMENT_TARGET = 9.0;
				VERSIONING_SYSTEM = "apple-generic";
				VERSION_INFO_PREFIX = "";
			};
			name = Debug;
		};
		52A506A61DE2EFF200278ABE /* Release */ = {
			isa = XCBuildConfiguration;
			buildSettings = {
				ALWAYS_SEARCH_USER_PATHS = NO;
				CLANG_ANALYZER_NONNULL = YES;
				CLANG_CXX_LANGUAGE_STANDARD = "gnu++0x";
				CLANG_CXX_LIBRARY = "libc++";
				CLANG_ENABLE_MODULES = YES;
				CLANG_ENABLE_OBJC_ARC = YES;
				CLANG_WARN_BOOL_CONVERSION = YES;
				CLANG_WARN_CONSTANT_CONVERSION = YES;
				CLANG_WARN_DIRECT_OBJC_ISA_USAGE = YES_ERROR;
				CLANG_WARN_DOCUMENTATION_COMMENTS = YES;
				CLANG_WARN_EMPTY_BODY = YES;
				CLANG_WARN_ENUM_CONVERSION = YES;
				CLANG_WARN_INFINITE_RECURSION = YES;
				CLANG_WARN_INT_CONVERSION = YES;
				CLANG_WARN_OBJC_ROOT_CLASS = YES_ERROR;
				CLANG_WARN_SUSPICIOUS_MOVES = YES;
				CLANG_WARN_UNREACHABLE_CODE = YES;
				CLANG_WARN__DUPLICATE_METHOD_MATCH = YES;
				CODE_SIGN_IDENTITY = "";
				COPY_PHASE_STRIP = NO;
				CURRENT_PROJECT_VERSION = 1;
				DEBUG_INFORMATION_FORMAT = "dwarf-with-dsym";
				DEFINES_MODULE = YES;
				DYLIB_COMPATIBILITY_VERSION = 1;
				DYLIB_CURRENT_VERSION = 1;
				DYLIB_INSTALL_NAME_BASE = "@rpath";
				ENABLE_NS_ASSERTIONS = NO;
				ENABLE_STRICT_OBJC_MSGSEND = YES;
				GCC_C_LANGUAGE_STANDARD = gnu99;
				GCC_NO_COMMON_BLOCKS = YES;
				GCC_WARN_64_TO_32_BIT_CONVERSION = YES;
				GCC_WARN_ABOUT_RETURN_TYPE = YES_ERROR;
				GCC_WARN_UNDECLARED_SELECTOR = YES;
				GCC_WARN_UNINITIALIZED_AUTOS = YES_AGGRESSIVE;
				GCC_WARN_UNUSED_FUNCTION = YES;
				GCC_WARN_UNUSED_VARIABLE = YES;
				INFOPLIST_FILE = "$(SRCROOT)/RandomKitBigInt.xcodeproj/Info.plist";
				INSTALL_PATH = "$(LOCAL_LIBRARY_DIR)/Frameworks";
				LD_RUNPATH_SEARCH_PATHS = "$(inherited) @executable_path/Frameworks @loader_path/Frameworks";
				MTL_ENABLE_DEBUG_INFO = NO;
				PRODUCT_BUNDLE_IDENTIFIER = "$(PROJECT_BUNDLE_IDENTIFIER)";
				PRODUCT_NAME = "$(PROJECT_NAME)";
				SDKROOT = appletvos;
				SKIP_INSTALL = YES;
				SWIFT_OPTIMIZATION_LEVEL = "-Owholemodule";
				SWIFT_VERSION = 3.0;
				TARGETED_DEVICE_FAMILY = 3;
				TVOS_DEPLOYMENT_TARGET = 9.0;
				VALIDATE_PRODUCT = YES;
				VERSIONING_SYSTEM = "apple-generic";
				VERSION_INFO_PREFIX = "";
			};
			name = Release;
		};
/* End XCBuildConfiguration section */

/* Begin XCConfigurationList section */
		52A506621DE2EF5600278ABE /* Build configuration list for PBXProject "RandomKitBigInt" */ = {
			isa = XCConfigurationList;
			buildConfigurations = (
				52A506631DE2EF5600278ABE /* Debug */,
				52A506641DE2EF5600278ABE /* Release */,
			);
			defaultConfigurationIsVisible = 0;
			defaultConfigurationName = Release;
		};
		52A5067D1DE2EFD300278ABE /* Build configuration list for PBXNativeTarget "RandomKitBigInt macOS" */ = {
			isa = XCConfigurationList;
			buildConfigurations = (
				52A5067E1DE2EFD300278ABE /* Debug */,
				52A5067F1DE2EFD300278ABE /* Release */,
			);
			defaultConfigurationIsVisible = 0;
			defaultConfigurationName = Release;
		};
		52A5068A1DE2EFE200278ABE /* Build configuration list for PBXNativeTarget "RandomKitBigInt iOS" */ = {
			isa = XCConfigurationList;
			buildConfigurations = (
				52A5068B1DE2EFE200278ABE /* Debug */,
				52A5068C1DE2EFE200278ABE /* Release */,
			);
			defaultConfigurationIsVisible = 0;
			defaultConfigurationName = Release;
		};
		52A506971DE2EFEA00278ABE /* Build configuration list for PBXNativeTarget "RandomKitBigInt watchOS" */ = {
			isa = XCConfigurationList;
			buildConfigurations = (
				52A506981DE2EFEA00278ABE /* Debug */,
				52A506991DE2EFEA00278ABE /* Release */,
			);
			defaultConfigurationIsVisible = 0;
			defaultConfigurationName = Release;
		};
		52A506A41DE2EFF200278ABE /* Build configuration list for PBXNativeTarget "RandomKitBigInt tvOS" */ = {
			isa = XCConfigurationList;
			buildConfigurations = (
				52A506A51DE2EFF200278ABE /* Debug */,
				52A506A61DE2EFF200278ABE /* Release */,
			);
			defaultConfigurationIsVisible = 0;
			defaultConfigurationName = Release;
		};
/* End XCConfigurationList section */
	};
	rootObject = 52A5065F1DE2EF5600278ABE /* Project object */;
}
